
Microsoft Visual Studio Solution File, Format Version 12.00
# Visual Studio 14
VisualStudioVersion = 14.0.25123.0
MinimumVisualStudioVersion = 10.0.40219.1
Project("{FAE04EC0-301F-11D3-BF4B-00C04F79EFBC}") = "BuildProject", "BuildProject\BuildProject.csproj", "{AFFB7045-D51E-4302-B63A-9505C1CF2DD3}"
EndProject
Project("{FAE04EC0-301F-11D3-BF4B-00C04F79EFBC}") = "WebApplication1", "WebApplication1\WebApplication1.csproj", "{780105AD-3948-4C40-98B3-CE805BCD33A3}"
EndProject
Project("{FAE04EC0-301F-11D3-BF4B-00C04F79EFBC}") = "WebApplication1.Tests", "WebApplication1.Tests\WebApplication1.Tests.csproj", "{B0A29C68-AF2A-490E-807B-A661D92104C8}"
EndProject
Project("{FAE04EC0-301F-11D3-BF4B-00C04F79EFBC}") = "ConsoleApplication1", "ConsoleApplication1\ConsoleApplication1.csproj", "{3275B9C1-4625-4022-B6EA-08D9BC0BE466}"
EndProject
Global
	GlobalSection(SolutionConfigurationPlatforms) = preSolution
		Debug|Any CPU = Debug|Any CPU
		Release|Any CPU = Release|Any CPU
	EndGlobalSection
	GlobalSection(ProjectConfigurationPlatforms) = postSolution
		{AFFB7045-D51E-4302-B63A-9505C1CF2DD3}.Debug|Any CPU.ActiveCfg = Debug|Any CPU
		{AFFB7045-D51E-4302-B63A-9505C1CF2DD3}.Debug|Any CPU.Build.0 = Debug|Any CPU
		{AFFB7045-D51E-4302-B63A-9505C1CF2DD3}.Release|Any CPU.ActiveCfg = Release|Any CPU
		{AFFB7045-D51E-4302-B63A-9505C1CF2DD3}.Release|Any CPU.Build.0 = Release|Any CPU
		{780105AD-3948-4C40-98B3-CE805BCD33A3}.Debug|Any CPU.ActiveCfg = Debug|Any CPU
		{780105AD-3948-4C40-98B3-CE805BCD33A3}.Debug|Any CPU.Build.0 = Debug|Any CPU
		{780105AD-3948-4C40-98B3-CE805BCD33A3}.Release|Any CPU.ActiveCfg = Release|Any CPU
		{780105AD-3948-4C40-98B3-CE805BCD33A3}.Release|Any CPU.Build.0 = Release|Any CPU
		{B0A29C68-AF2A-490E-807B-A661D92104C8}.Debug|Any CPU.ActiveCfg = Debug|Any CPU
		{B0A29C68-AF2A-490E-807B-A661D92104C8}.Debug|Any CPU.Build.0 = Debug|Any CPU
		{B0A29C68-AF2A-490E-807B-A661D92104C8}.Release|Any CPU.ActiveCfg = Release|Any CPU
		{B0A29C68-AF2A-490E-807B-A661D92104C8}.Release|Any CPU.Build.0 = Release|Any CPU
		{3275B9C1-4625-4022-B6EA-08D9BC0BE466}.Debug|Any CPU.ActiveCfg = Debug|Any CPU
		{3275B9C1-4625-4022-B6EA-08D9BC0BE466}.Debug|Any CPU.Build.0 = Debug|Any CPU
		{3275B9C1-4625-4022-B6EA-08D9BC0BE466}.Release|Any CPU.ActiveCfg = Release|Any CPU
		{3275B9C1-4625-4022-B6EA-08D9BC0BE466}.Release|Any CPU.Build.0 = Release|Any CPU
	EndGlobalSection
	GlobalSection(SolutionProperties) = preSolution
		HideSolutionNode = FALSE
	EndGlobalSection
	GlobalSection(CodealikeProperties) = postSolution
		SolutionGuid = a7f1109e-e9a4-4df1-8321-8bb2203fab97
	EndGlobalSection
EndGlobal
